// !$*UTF8*$!
{
	archiveVersion = 1;
	classes = {
	};
	objectVersion = 46;
	objects = {

/* Begin PBXBuildFile section */
		0256A3BD1CCD5A3200882F2A /* main.m in Sources */ = {isa = PBXBuildFile; fileRef = 0256A3BC1CCD5A3200882F2A /* main.m */; };
		0256A3C01CCD5A3200882F2A /* AppDelegate.m in Sources */ = {isa = PBXBuildFile; fileRef = 0256A3BF1CCD5A3200882F2A /* AppDelegate.m */; };
		0256A3C31CCD5A3200882F2A /* ViewController.m in Sources */ = {isa = PBXBuildFile; fileRef = 0256A3C21CCD5A3200882F2A /* ViewController.m */; };
		0256A3C61CCD5A3200882F2A /* Main.storyboard in Resources */ = {isa = PBXBuildFile; fileRef = 0256A3C41CCD5A3200882F2A /* Main.storyboard */; };
		0256A3C81CCD5A3200882F2A /* Assets.xcassets in Resources */ = {isa = PBXBuildFile; fileRef = 0256A3C71CCD5A3200882F2A /* Assets.xcassets */; };
		0256A3CB1CCD5A3200882F2A /* LaunchScreen.storyboard in Resources */ = {isa = PBXBuildFile; fileRef = 0256A3C91CCD5A3200882F2A /* LaunchScreen.storyboard */; };
		0256A3D61CCD5A3200882F2A /* objcgpsTests.m in Sources */ = {isa = PBXBuildFile; fileRef = 0256A3D51CCD5A3200882F2A /* objcgpsTests.m */; };
		0256A3E11CCD5A3200882F2A /* objcgpsUITests.m in Sources */ = {isa = PBXBuildFile; fileRef = 0256A3E01CCD5A3200882F2A /* objcgpsUITests.m */; };
		0256A3EF1CCD614700882F2A /* CoreLocation.framework in Frameworks */ = {isa = PBXBuildFile; fileRef = 0256A3EE1CCD614700882F2A /* CoreLocation.framework */; };
		1383AA329A22CEA2F5B67912 /* libPods.a in Frameworks */ = {isa = PBXBuildFile; fileRef = 296F7DD3A77DA38E941C70B7 /* libPods.a */; };
/* End PBXBuildFile section */

/* Begin PBXContainerItemProxy section */
		0256A3D21CCD5A3200882F2A /* PBXContainerItemProxy */ = {
			isa = PBXContainerItemProxy;
			containerPortal = 0256A3B01CCD5A3200882F2A /* Project object */;
			proxyType = 1;
			remoteGlobalIDString = 0256A3B71CCD5A3200882F2A;
			remoteInfo = objcgps;
		};
		0256A3DD1CCD5A3200882F2A /* PBXContainerItemProxy */ = {
			isa = PBXContainerItemProxy;
			containerPortal = 0256A3B01CCD5A3200882F2A /* Project object */;
			proxyType = 1;
			remoteGlobalIDString = 0256A3B71CCD5A3200882F2A;
			remoteInfo = objcgps;
		};
/* End PBXContainerItemProxy section */

/* Begin PBXFileReference section */
		0256A3B81CCD5A3200882F2A /* objcgps.app */ = {isa = PBXFileReference; explicitFileType = wrapper.application; includeInIndex = 0; path = objcgps.app; sourceTree = BUILT_PRODUCTS_DIR; };
		0256A3BC1CCD5A3200882F2A /* main.m */ = {isa = PBXFileReference; lastKnownFileType = sourcecode.c.objc; path = main.m; sourceTree = "<group>"; };
		0256A3BE1CCD5A3200882F2A /* AppDelegate.h */ = {isa = PBXFileReference; lastKnownFileType = sourcecode.c.h; path = AppDelegate.h; sourceTree = "<group>"; };
		0256A3BF1CCD5A3200882F2A /* AppDelegate.m */ = {isa = PBXFileReference; lastKnownFileType = sourcecode.c.objc; path = AppDelegate.m; sourceTree = "<group>"; };
		0256A3C11CCD5A3200882F2A /* ViewController.h */ = {isa = PBXFileReference; lastKnownFileType = sourcecode.c.h; path = ViewController.h; sourceTree = "<group>"; };
		0256A3C21CCD5A3200882F2A /* ViewController.m */ = {isa = PBXFileReference; lastKnownFileType = sourcecode.c.objc; path = ViewController.m; sourceTree = "<group>"; };
		0256A3C51CCD5A3200882F2A /* Base */ = {isa = PBXFileReference; lastKnownFileType = file.storyboard; name = Base; path = Base.lproj/Main.storyboard; sourceTree = "<group>"; };
		0256A3C71CCD5A3200882F2A /* Assets.xcassets */ = {isa = PBXFileReference; lastKnownFileType = folder.assetcatalog; path = Assets.xcassets; sourceTree = "<group>"; };
		0256A3CA1CCD5A3200882F2A /* Base */ = {isa = PBXFileReference; lastKnownFileType = file.storyboard; name = Base; path = Base.lproj/LaunchScreen.storyboard; sourceTree = "<group>"; };
		0256A3CC1CCD5A3200882F2A /* Info.plist */ = {isa = PBXFileReference; lastKnownFileType = text.plist.xml; path = Info.plist; sourceTree = "<group>"; };
		0256A3D11CCD5A3200882F2A /* objcgpsTests.xctest */ = {isa = PBXFileReference; explicitFileType = wrapper.cfbundle; includeInIndex = 0; path = objcgpsTests.xctest; sourceTree = BUILT_PRODUCTS_DIR; };
		0256A3D51CCD5A3200882F2A /* objcgpsTests.m */ = {isa = PBXFileReference; lastKnownFileType = sourcecode.c.objc; path = objcgpsTests.m; sourceTree = "<group>"; };
		0256A3D71CCD5A3200882F2A /* Info.plist */ = {isa = PBXFileReference; lastKnownFileType = text.plist.xml; path = Info.plist; sourceTree = "<group>"; };
		0256A3DC1CCD5A3200882F2A /* objcgpsUITests.xctest */ = {isa = PBXFileReference; explicitFileType = wrapper.cfbundle; includeInIndex = 0; path = objcgpsUITests.xctest; sourceTree = BUILT_PRODUCTS_DIR; };
		0256A3E01CCD5A3200882F2A /* objcgpsUITests.m */ = {isa = PBXFileReference; lastKnownFileType = sourcecode.c.objc; path = objcgpsUITests.m; sourceTree = "<group>"; };
		0256A3E21CCD5A3200882F2A /* Info.plist */ = {isa = PBXFileReference; lastKnownFileType = text.plist.xml; path = Info.plist; sourceTree = "<group>"; };
		0256A3EE1CCD614700882F2A /* CoreLocation.framework */ = {isa = PBXFileReference; lastKnownFileType = wrapper.framework; name = CoreLocation.framework; path = System/Library/Frameworks/CoreLocation.framework; sourceTree = SDKROOT; };
		296F7DD3A77DA38E941C70B7 /* libPods.a */ = {isa = PBXFileReference; explicitFileType = archive.ar; includeInIndex = 0; path = libPods.a; sourceTree = BUILT_PRODUCTS_DIR; };
		C0F90101F7CA4CBC4122648C /* Pods.release.xcconfig */ = {isa = PBXFileReference; includeInIndex = 1; lastKnownFileType = text.xcconfig; name = Pods.release.xcconfig; path = "Pods/Target Support Files/Pods/Pods.release.xcconfig"; sourceTree = "<group>"; };
		D080FEFC59304ADC7BA567F5 /* Pods.debug.xcconfig */ = {isa = PBXFileReference; includeInIndex = 1; lastKnownFileType = text.xcconfig; name = Pods.debug.xcconfig; path = "Pods/Target Support Files/Pods/Pods.debug.xcconfig"; sourceTree = "<group>"; };
/* End PBXFileReference section */

/* Begin PBXFrameworksBuildPhase section */
		0256A3B51CCD5A3200882F2A /* Frameworks */ = {
			isa = PBXFrameworksBuildPhase;
			buildActionMask = 2147483647;
			files = (
				0256A3EF1CCD614700882F2A /* CoreLocation.framework in Frameworks */,
				1383AA329A22CEA2F5B67912 /* libPods.a in Frameworks */,
			);
			runOnlyForDeploymentPostprocessing = 0;
		};
		0256A3CE1CCD5A3200882F2A /* Frameworks */ = {
			isa = PBXFrameworksBuildPhase;
			buildActionMask = 2147483647;
			files = (
			);
			runOnlyForDeploymentPostprocessing = 0;
		};
		0256A3D91CCD5A3200882F2A /* Frameworks */ = {
			isa = PBXFrameworksBuildPhase;
			buildActionMask = 2147483647;
			files = (
			);
			runOnlyForDeploymentPostprocessing = 0;
		};
/* End PBXFrameworksBuildPhase section */

/* Begin PBXGroup section */
		0256A3AF1CCD5A3200882F2A = {
			isa = PBXGroup;
			children = (
				0256A3BA1CCD5A3200882F2A /* objcgps */,
				0256A3D41CCD5A3200882F2A /* objcgpsTests */,
				0256A3DF1CCD5A3200882F2A /* objcgpsUITests */,
				0256A3B91CCD5A3200882F2A /* Products */,
				1BB2737D281ACE5019FC7A58 /* Pods */,
				277A7CB457C287AB73D59577 /* Frameworks */,
			);
			sourceTree = "<group>";
		};
		0256A3B91CCD5A3200882F2A /* Products */ = {
			isa = PBXGroup;
			children = (
				0256A3B81CCD5A3200882F2A /* objcgps.app */,
				0256A3D11CCD5A3200882F2A /* objcgpsTests.xctest */,
				0256A3DC1CCD5A3200882F2A /* objcgpsUITests.xctest */,
			);
			name = Products;
			sourceTree = "<group>";
		};
		0256A3BA1CCD5A3200882F2A /* objcgps */ = {
			isa = PBXGroup;
			children = (
				0256A3BE1CCD5A3200882F2A /* AppDelegate.h */,
				0256A3BF1CCD5A3200882F2A /* AppDelegate.m */,
				0256A3C11CCD5A3200882F2A /* ViewController.h */,
				0256A3C21CCD5A3200882F2A /* ViewController.m */,
				0256A3C41CCD5A3200882F2A /* Main.storyboard */,
				0256A3C71CCD5A3200882F2A /* Assets.xcassets */,
				0256A3C91CCD5A3200882F2A /* LaunchScreen.storyboard */,
				0256A3CC1CCD5A3200882F2A /* Info.plist */,
				0256A3BB1CCD5A3200882F2A /* Supporting Files */,
			);
			path = objcgps;
			sourceTree = "<group>";
		};
		0256A3BB1CCD5A3200882F2A /* Supporting Files */ = {
			isa = PBXGroup;
			children = (
				0256A3BC1CCD5A3200882F2A /* main.m */,
			);
			name = "Supporting Files";
			sourceTree = "<group>";
		};
		0256A3D41CCD5A3200882F2A /* objcgpsTests */ = {
			isa = PBXGroup;
			children = (
				0256A3D51CCD5A3200882F2A /* objcgpsTests.m */,
				0256A3D71CCD5A3200882F2A /* Info.plist */,
			);
			path = objcgpsTests;
			sourceTree = "<group>";
		};
		0256A3DF1CCD5A3200882F2A /* objcgpsUITests */ = {
			isa = PBXGroup;
			children = (
				0256A3E01CCD5A3200882F2A /* objcgpsUITests.m */,
				0256A3E21CCD5A3200882F2A /* Info.plist */,
			);
			path = objcgpsUITests;
			sourceTree = "<group>";
		};
		1BB2737D281ACE5019FC7A58 /* Pods */ = {
			isa = PBXGroup;
			children = (
				D080FEFC59304ADC7BA567F5 /* Pods.debug.xcconfig */,
				C0F90101F7CA4CBC4122648C /* Pods.release.xcconfig */,
			);
			name = Pods;
			sourceTree = "<group>";
		};
		277A7CB457C287AB73D59577 /* Frameworks */ = {
			isa = PBXGroup;
			children = (
				0256A3EE1CCD614700882F2A /* CoreLocation.framework */,
				296F7DD3A77DA38E941C70B7 /* libPods.a */,
			);
			name = Frameworks;
			sourceTree = "<group>";
		};
/* End PBXGroup section */

/* Begin PBXNativeTarget section */
		0256A3B71CCD5A3200882F2A /* objcgps */ = {
			isa = PBXNativeTarget;
			buildConfigurationList = 0256A3E51CCD5A3200882F2A /* Build configuration list for PBXNativeTarget "objcgps" */;
			buildPhases = (
				609253206BD6C426124A4A89 /* Check Pods Manifest.lock */,
				0256A3B41CCD5A3200882F2A /* Sources */,
				0256A3B51CCD5A3200882F2A /* Frameworks */,
				0256A3B61CCD5A3200882F2A /* Resources */,
				2AF383CE1DD61B444FB9BC19 /* Embed Pods Frameworks */,
				1B258A57B9FCD1C6F8F9C69D /* Copy Pods Resources */,
			);
			buildRules = (
			);
			dependencies = (
			);
			name = objcgps;
			productName = objcgps;
			productReference = 0256A3B81CCD5A3200882F2A /* objcgps.app */;
			productType = "com.apple.product-type.application";
		};
		0256A3D01CCD5A3200882F2A /* objcgpsTests */ = {
			isa = PBXNativeTarget;
			buildConfigurationList = 0256A3E81CCD5A3200882F2A /* Build configuration list for PBXNativeTarget "objcgpsTests" */;
			buildPhases = (
				0256A3CD1CCD5A3200882F2A /* Sources */,
				0256A3CE1CCD5A3200882F2A /* Frameworks */,
				0256A3CF1CCD5A3200882F2A /* Resources */,
			);
			buildRules = (
			);
			dependencies = (
				0256A3D31CCD5A3200882F2A /* PBXTargetDependency */,
			);
			name = objcgpsTests;
			productName = objcgpsTests;
			productReference = 0256A3D11CCD5A3200882F2A /* objcgpsTests.xctest */;
			productType = "com.apple.product-type.bundle.unit-test";
		};
		0256A3DB1CCD5A3200882F2A /* objcgpsUITests */ = {
			isa = PBXNativeTarget;
			buildConfigurationList = 0256A3EB1CCD5A3200882F2A /* Build configuration list for PBXNativeTarget "objcgpsUITests" */;
			buildPhases = (
				0256A3D81CCD5A3200882F2A /* Sources */,
				0256A3D91CCD5A3200882F2A /* Frameworks */,
				0256A3DA1CCD5A3200882F2A /* Resources */,
			);
			buildRules = (
			);
			dependencies = (
				0256A3DE1CCD5A3200882F2A /* PBXTargetDependency */,
			);
			name = objcgpsUITests;
			productName = objcgpsUITests;
			productReference = 0256A3DC1CCD5A3200882F2A /* objcgpsUITests.xctest */;
			productType = "com.apple.product-type.bundle.ui-testing";
		};
/* End PBXNativeTarget section */

/* Begin PBXProject section */
		0256A3B01CCD5A3200882F2A /* Project object */ = {
			isa = PBXProject;
			attributes = {
				LastUpgradeCheck = 0730;
				ORGANIZATIONNAME = "Jesse Liang";
				TargetAttributes = {
					0256A3B71CCD5A3200882F2A = {
						CreatedOnToolsVersion = 7.3;
						DevelopmentTeam = H598HBDDJ8;
					};
					0256A3D01CCD5A3200882F2A = {
						CreatedOnToolsVersion = 7.3;
						DevelopmentTeam = H598HBDDJ8;
						TestTargetID = 0256A3B71CCD5A3200882F2A;
					};
					0256A3DB1CCD5A3200882F2A = {
						CreatedOnToolsVersion = 7.3;
						DevelopmentTeam = H598HBDDJ8;
						TestTargetID = 0256A3B71CCD5A3200882F2A;
					};
				};
			};
			buildConfigurationList = 0256A3B31CCD5A3200882F2A /* Build configuration list for PBXProject "objcgps" */;
			compatibilityVersion = "Xcode 3.2";
			developmentRegion = English;
			hasScannedForEncodings = 0;
			knownRegions = (
				en,
				Base,
			);
			mainGroup = 0256A3AF1CCD5A3200882F2A;
			productRefGroup = 0256A3B91CCD5A3200882F2A /* Products */;
			projectDirPath = "";
			projectRoot = "";
			targets = (
				0256A3B71CCD5A3200882F2A /* objcgps */,
				0256A3D01CCD5A3200882F2A /* objcgpsTests */,
				0256A3DB1CCD5A3200882F2A /* objcgpsUITests */,
			);
		};
/* End PBXProject section */

/* Begin PBXResourcesBuildPhase section */
		0256A3B61CCD5A3200882F2A /* Resources */ = {
			isa = PBXResourcesBuildPhase;
			buildActionMask = 2147483647;
			files = (
				0256A3CB1CCD5A3200882F2A /* LaunchScreen.storyboard in Resources */,
				0256A3C81CCD5A3200882F2A /* Assets.xcassets in Resources */,
				0256A3C61CCD5A3200882F2A /* Main.storyboard in Resources */,
			);
			runOnlyForDeploymentPostprocessing = 0;
		};
		0256A3CF1CCD5A3200882F2A /* Resources */ = {
			isa = PBXResourcesBuildPhase;
			buildActionMask = 2147483647;
			files = (
			);
			runOnlyForDeploymentPostprocessing = 0;
		};
		0256A3DA1CCD5A3200882F2A /* Resources */ = {
			isa = PBXResourcesBuildPhase;
			buildActionMask = 2147483647;
			files = (
			);
			runOnlyForDeploymentPostprocessing = 0;
		};
/* End PBXResourcesBuildPhase section */

/* Begin PBXShellScriptBuildPhase section */
		1B258A57B9FCD1C6F8F9C69D /* Copy Pods Resources */ = {
			isa = PBXShellScriptBuildPhase;
			buildActionMask = 2147483647;
			files = (
			);
			inputPaths = (
			);
			name = "Copy Pods Resources";
			outputPaths = (
			);
			runOnlyForDeploymentPostprocessing = 0;
			shellPath = /bin/sh;
			shellScript = "\"${SRCROOT}/Pods/Target Support Files/Pods/Pods-resources.sh\"\n";
			showEnvVarsInLog = 0;
		};
		2AF383CE1DD61B444FB9BC19 /* Embed Pods Frameworks */ = {
			isa = PBXShellScriptBuildPhase;
			buildActionMask = 2147483647;
			files = (
			);
			inputPaths = (
			);
			name = "Embed Pods Frameworks";
			outputPaths = (
			);
			runOnlyForDeploymentPostprocessing = 0;
			shellPath = /bin/sh;
			shellScript = "\"${SRCROOT}/Pods/Target Support Files/Pods/Pods-frameworks.sh\"\n";
			showEnvVarsInLog = 0;
		};
		609253206BD6C426124A4A89 /* Check Pods Manifest.lock */ = {
			isa = PBXShellScriptBuildPhase;
			buildActionMask = 2147483647;
			files = (
			);
			inputPaths = (
			);
			name = "Check Pods Manifest.lock";
			outputPaths = (
			);
			runOnlyForDeploymentPostprocessing = 0;
			shellPath = /bin/sh;
			shellScript = "diff \"${PODS_ROOT}/../Podfile.lock\" \"${PODS_ROOT}/Manifest.lock\" > /dev/null\nif [[ $? != 0 ]] ; then\n    cat << EOM\nerror: The sandbox is not in sync with the Podfile.lock. Run 'pod install' or update your CocoaPods installation.\nEOM\n    exit 1\nfi\n";
			showEnvVarsInLog = 0;
		};
/* End PBXShellScriptBuildPhase section */

/* Begin PBXSourcesBuildPhase section */
		0256A3B41CCD5A3200882F2A /* Sources */ = {
			isa = PBXSourcesBuildPhase;
			buildActionMask = 2147483647;
			files = (
				0256A3C31CCD5A3200882F2A /* ViewController.m in Sources */,
				0256A3C01CCD5A3200882F2A /* AppDelegate.m in Sources */,
				0256A3BD1CCD5A3200882F2A /* main.m in Sources */,
			);
			runOnlyForDeploymentPostprocessing = 0;
		};
		0256A3CD1CCD5A3200882F2A /* Sources */ = {
			isa = PBXSourcesBuildPhase;
			buildActionMask = 2147483647;
			files = (
				0256A3D61CCD5A3200882F2A /* objcgpsTests.m in Sources */,
			);
			runOnlyForDeploymentPostprocessing = 0;
		};
		0256A3D81CCD5A3200882F2A /* Sources */ = {
			isa = PBXSourcesBuildPhase;
			buildActionMask = 2147483647;
			files = (
				0256A3E11CCD5A3200882F2A /* objcgpsUITests.m in Sources */,
			);
			runOnlyForDeploymentPostprocessing = 0;
		};
/* End PBXSourcesBuildPhase section */

/* Begin PBXTargetDependency section */
		0256A3D31CCD5A3200882F2A /* PBXTargetDependency */ = {
			isa = PBXTargetDependency;
			target = 0256A3B71CCD5A3200882F2A /* objcgps */;
			targetProxy = 0256A3D21CCD5A3200882F2A /* PBXContainerItemProxy */;
		};
		0256A3DE1CCD5A3200882F2A /* PBXTargetDependency */ = {
			isa = PBXTargetDependency;
			target = 0256A3B71CCD5A3200882F2A /* objcgps */;
			targetProxy = 0256A3DD1CCD5A3200882F2A /* PBXContainerItemProxy */;
		};
/* End PBXTargetDependency section */

/* Begin PBXVariantGroup section */
		0256A3C41CCD5A3200882F2A /* Main.storyboard */ = {
			isa = PBXVariantGroup;
			children = (
				0256A3C51CCD5A3200882F2A /* Base */,
			);
			name = Main.storyboard;
			sourceTree = "<group>";
		};
		0256A3C91CCD5A3200882F2A /* LaunchScreen.storyboard */ = {
			isa = PBXVariantGroup;
			children = (
				0256A3CA1CCD5A3200882F2A /* Base */,
			);
			name = LaunchScreen.storyboard;
			sourceTree = "<group>";
		};
/* End PBXVariantGroup section */

/* Begin XCBuildConfiguration section */
		0256A3E31CCD5A3200882F2A /* Debug */ = {
			isa = XCBuildConfiguration;
			buildSettings = {
				ALWAYS_SEARCH_USER_PATHS = NO;
				CLANG_ANALYZER_NONNULL = YES;
				CLANG_CXX_LANGUAGE_STANDARD = "gnu++0x";
				CLANG_CXX_LIBRARY = "libc++";
				CLANG_ENABLE_MODULES = YES;
				CLANG_ENABLE_OBJC_ARC = YES;
				CLANG_WARN_BOOL_CONVERSION = YES;
				CLANG_WARN_CONSTANT_CONVERSION = YES;
				CLANG_WARN_DIRECT_OBJC_ISA_USAGE = YES_ERROR;
				CLANG_WARN_EMPTY_BODY = YES;
				CLANG_WARN_ENUM_CONVERSION = YES;
				CLANG_WARN_INT_CONVERSION = YES;
				CLANG_WARN_OBJC_ROOT_CLASS = YES_ERROR;
				CLANG_WARN_UNREACHABLE_CODE = YES;
				CLANG_WARN__DUPLICATE_METHOD_MATCH = YES;
				"CODE_SIGN_IDENTITY[sdk=iphoneos*]" = "iPhone Developer";
				COPY_PHASE_STRIP = NO;
				DEBUG_INFORMATION_FORMAT = dwarf;
				ENABLE_STRICT_OBJC_MSGSEND = YES;
				ENABLE_TESTABILITY = YES;
				GCC_C_LANGUAGE_STANDARD = gnu99;
				GCC_DYNAMIC_NO_PIC = NO;
				GCC_NO_COMMON_BLOCKS = YES;
				GCC_OPTIMIZATION_LEVEL = 0;
				GCC_PREPROCESSOR_DEFINITIONS = (
					"DEBUG=1",
					"$(inherited)",
				);
				GCC_WARN_64_TO_32_BIT_CONVERSION = YES;
				GCC_WARN_ABOUT_RETURN_TYPE = YES_ERROR;
				GCC_WARN_UNDECLARED_SELECTOR = YES;
				GCC_WARN_UNINITIALIZED_AUTOS = YES_AGGRESSIVE;
				GCC_WARN_UNUSED_FUNCTION = YES;
				GCC_WARN_UNUSED_VARIABLE = YES;
				IPHONEOS_DEPLOYMENT_TARGET = 9.3;
				MTL_ENABLE_DEBUG_INFO = YES;
				ONLY_ACTIVE_ARCH = YES;
				SDKROOT = iphoneos;
				TARGETED_DEVICE_FAMILY = "1,2";
			};
			name = Debug;
		};
		0256A3E41CCD5A3200882F2A /* Release */ = {
			isa = XCBuildConfiguration;
			buildSettings = {
				ALWAYS_SEARCH_USER_PATHS = NO;
				CLANG_ANALYZER_NONNULL = YES;
				CLANG_CXX_LANGUAGE_STANDARD = "gnu++0x";
				CLANG_CXX_LIBRARY = "libc++";
				CLANG_ENABLE_MODULES = YES;
				CLANG_ENABLE_OBJC_ARC = YES;
				CLANG_WARN_BOOL_CONVERSION = YES;
				CLANG_WARN_CONSTANT_CONVERSION = YES;
				CLANG_WARN_DIRECT_OBJC_ISA_USAGE = YES_ERROR;
				CLANG_WARN_EMPTY_BODY = YES;
				CLANG_WARN_ENUM_CONVERSION = YES;
				CLANG_WARN_INT_CONVERSION = YES;
				CLANG_WARN_OBJC_ROOT_CLASS = YES_ERROR;
				CLANG_WARN_UNREACHABLE_CODE = YES;
				CLANG_WARN__DUPLICATE_METHOD_MATCH = YES;
				"CODE_SIGN_IDENTITY[sdk=iphoneos*]" = "iPhone Developer";
				COPY_PHASE_STRIP = NO;
				DEBUG_INFORMATION_FORMAT = "dwarf-with-dsym";
				ENABLE_NS_ASSERTIONS = NO;
				ENABLE_STRICT_OBJC_MSGSEND = YES;
				GCC_C_LANGUAGE_STANDARD = gnu99;
				GCC_NO_COMMON_BLOCKS = YES;
				GCC_WARN_64_TO_32_BIT_CONVERSION = YES;
				GCC_WARN_ABOUT_RETURN_TYPE = YES_ERROR;
				GCC_WARN_UNDECLARED_SELECTOR = YES;
				GCC_WARN_UNINITIALIZED_AUTOS = YES_AGGRESSIVE;
				GCC_WARN_UNUSED_FUNCTION = YES;
				GCC_WARN_UNUSED_VARIABLE = YES;
				IPHONEOS_DEPLOYMENT_TARGET = 9.3;
				MTL_ENABLE_DEBUG_INFO = NO;
				SDKROOT = iphoneos;
				TARGETED_DEVICE_FAMILY = "1,2";
				VALIDATE_PRODUCT = YES;
			};
			name = Release;
		};
		0256A3E61CCD5A3200882F2A /* Debug */ = {
			isa = XCBuildConfiguration;
			baseConfigurationReference = D080FEFC59304ADC7BA567F5 /* Pods.debug.xcconfig */;
			buildSettings = {
				ASSETCATALOG_COMPILER_APPICON_NAME = AppIcon;
				INFOPLIST_FILE = objcgps/Info.plist;
				LD_RUNPATH_SEARCH_PATHS = "$(inherited) @executable_path/Frameworks";
				PRODUCT_BUNDLE_IDENTIFIER = com.jesseliang.objcgps;
				PRODUCT_NAME = "$(TARGET_NAME)";
			};
			name = Debug;
		};
		0256A3E71CCD5A3200882F2A /* Release */ = {
			isa = XCBuildConfiguration;
			baseConfigurationReference = C0F90101F7CA4CBC4122648C /* Pods.release.xcconfig */;
			buildSettings = {
				ASSETCATALOG_COMPILER_APPICON_NAME = AppIcon;
				INFOPLIST_FILE = objcgps/Info.plist;
				LD_RUNPATH_SEARCH_PATHS = "$(inherited) @executable_path/Frameworks";
				PRODUCT_BUNDLE_IDENTIFIER = com.jesseliang.objcgps;
				PRODUCT_NAME = "$(TARGET_NAME)";
			};
			name = Release;
		};
		0256A3E91CCD5A3200882F2A /* Debug */ = {
			isa = XCBuildConfiguration;
			buildSettings = {
				BUNDLE_LOADER = "$(TEST_HOST)";
				INFOPLIST_FILE = objcgpsTests/Info.plist;
				LD_RUNPATH_SEARCH_PATHS = "$(inherited) @executable_path/Frameworks @loader_path/Frameworks";
				PRODUCT_BUNDLE_IDENTIFIER = com.jesseliang.objcgpsTests;
				PRODUCT_NAME = "$(TARGET_NAME)";
				TEST_HOST = "$(BUILT_PRODUCTS_DIR)/objcgps.app/objcgps";
			};
			name = Debug;
		};
		0256A3EA1CCD5A3200882F2A /* Release */ = {
			isa = XCBuildConfiguration;
			buildSettings = {
				BUNDLE_LOADER = "$(TEST_HOST)";
				INFOPLIST_FILE = objcgpsTests/Info.plist;
				LD_RUNPATH_SEARCH_PATHS = "$(inherited) @executable_path/Frameworks @loader_path/Frameworks";
				PRODUCT_BUNDLE_IDENTIFIER = com.jesseliang.objcgpsTests;
				PRODUCT_NAME = "$(TARGET_NAME)";
				TEST_HOST = "$(BUILT_PRODUCTS_DIR)/objcgps.app/objcgps";
			};
			name = Release;
		};
		0256A3EC1CCD5A3200882F2A /* Debug */ = {
			isa = XCBuildConfiguration;
			buildSettings = {
				INFOPLIST_FILE = objcgpsUITests/Info.plist;
				LD_RUNPATH_SEARCH_PATHS = "$(inherited) @executable_path/Frameworks @loader_path/Frameworks";
				PRODUCT_BUNDLE_IDENTIFIER = com.jesseliang.objcgpsUITests;
				PRODUCT_NAME = "$(TARGET_NAME)";
				TEST_TARGET_NAME = objcgps;
			};
			name = Debug;
		};
		0256A3ED1CCD5A3200882F2A /* Release */ = {
			isa = XCBuildConfiguration;
			buildSettings = {
				INFOPLIST_FILE = objcgpsUITests/Info.plist;
				LD_RUNPATH_SEARCH_PATHS = "$(inherited) @executable_path/Frameworks @loader_path/Frameworks";
				PRODUCT_BUNDLE_IDENTIFIER = com.jesseliang.objcgpsUITests;
				PRODUCT_NAME = "$(TARGET_NAME)";
				TEST_TARGET_NAME = objcgps;
			};
			name = Release;
		};
/* End XCBuildConfiguration section */

/* Begin XCConfigurationList section */
		0256A3B31CCD5A3200882F2A /* Build configuration list for PBXProject "objcgps" */ = {
			isa = XCConfigurationList;
			buildConfigurations = (
				0256A3E31CCD5A3200882F2A /* Debug */,
				0256A3E41CCD5A3200882F2A /* Release */,
			);
			defaultConfigurationIsVisible = 0;
			defaultConfigurationName = Release;
		};
		0256A3E51CCD5A3200882F2A /* Build configuration list for PBXNativeTarget "objcgps" */ = {
			isa = XCConfigurationList;
			buildConfigurations = (
				0256A3E61CCD5A3200882F2A /* Debug */,
				0256A3E71CCD5A3200882F2A /* Release */,
			);
			defaultConfigurationIsVisible = 0;
			defaultConfigurationName = Release;
		};
		0256A3E81CCD5A3200882F2A /* Build configuration list for PBXNativeTarget "objcgpsTests" */ = {
			isa = XCConfigurationList;
			buildConfigurations = (
				0256A3E91CCD5A3200882F2A /* Debug */,
				0256A3EA1CCD5A3200882F2A /* Release */,
			);
			defaultConfigurationIsVisible = 0;
			defaultConfigurationName = Release;
		};
		0256A3EB1CCD5A3200882F2A /* Build configuration list for PBXNativeTarget "objcgpsUITests" */ = {
			isa = XCConfigurationList;
			buildConfigurations = (
				0256A3EC1CCD5A3200882F2A /* Debug */,
				0256A3ED1CCD5A3200882F2A /* Release */,
			);
			defaultConfigurationIsVisible = 0;
			defaultConfigurationName = Release;
		};
/* End XCConfigurationList section */
	};
	rootObject = 0256A3B01CCD5A3200882F2A /* Project object */;
}
